# @generated by Move, please check-in and do not edit manually.

[move]
version = 3
manifest_digest = "560F8A782C25CE862E0B441060759DD2F879EE24F7F42CEFA6FB7E1A66E8AC66"
deps_digest = "F8BBB0CCB2491CA29A3DF03D6F92277A4F3574266507ACD77214D37ECA3F3082"
dependencies = [
  { id = "Sui", name = "Sui" },
]

[[move.package]]
id = "MoveStdlib"
source = { git = "https://gitee.com/MystenLabs/sui.git", rev = "framework/testnet", subdir = "crates\\sui-framework\\packages\\move-stdlib" }

[[move.package]]
id = "Sui"
source = { git = "https://gitee.com/MystenLabs/sui.git", rev = "framework/testnet", subdir = "crates/sui-framework/packages/sui-framework" }

dependencies = [
  { id = "MoveStdlib", name = "MoveStdlib" },
]

[move.toolchain-version]
compiler-version = "1.40.1"
edition = "2024.beta"
flavor = "sui"

[env]

[env.testnet]
chain-id = "4c78adac"
original-published-id = "0x3c7eba5329c36247ba2b84ecab0979b000a8708c68d5f4a855c65914686d7c5d"
latest-published-id = "0x3c7eba5329c36247ba2b84ecab0979b000a8708c68d5f4a855c65914686d7c5d"
published-version = "1"
