# @generated by Move, please check-in and do not edit manually.

[move]
version = 3
manifest_digest = "6D5BEF37E12726AC6EFEA86CFE277440C1214F8DF4B5FD8724CE3945BB200891"
deps_digest = "F8BBB0CCB2491CA29A3DF03D6F92277A4F3574266507ACD77214D37ECA3F3082"
dependencies = [
  { id = "Sui", name = "Sui" },
]

[[move.package]]
id = "MoveStdlib"
source = { git = "https://github.com/MystenLabs/sui.git", rev = "framework/testnet", subdir = "crates/sui-framework/packages/move-stdlib" }

[[move.package]]
id = "Sui"
source = { git = "https://github.com/MystenLabs/sui.git", rev = "framework/testnet", subdir = "crates/sui-framework/packages/sui-framework" }

dependencies = [
  { id = "MoveStdlib", name = "MoveStdlib" },
]

[move.toolchain-version]
compiler-version = "1.39.1"
edition = "2024.beta"
flavor = "sui"

[env]

[env.testnet]
chain-id = "4c78adac"
original-published-id = "0x41aa4dd286306d5df35948e8916d2e7365e024c7a0548897d18dccb45b58440f"
latest-published-id = "0x41aa4dd286306d5df35948e8916d2e7365e024c7a0548897d18dccb45b58440f"
published-version = "1"
