# @generated by Move, please check-in and do not edit manually.

[move]
version = 3
manifest_digest = "5B493C00D4D6EE4A94D59267008C6E85D0358A6214FBB1AC2C0CEBF1D3DBDC93"
deps_digest = "F8BBB0CCB2491CA29A3DF03D6F92277A4F3574266507ACD77214D37ECA3F3082"
dependencies = [
  { id = "Sui", name = "Sui" },
]

[[move.package]]
id = "MoveStdlib"
source = { git = "https://github.com/MystenLabs/sui.git", rev = "testnet", subdir = "crates\\sui-framework\\packages\\move-stdlib" }

[[move.package]]
id = "Sui"
source = { git = "https://github.com/MystenLabs/sui.git", rev = "testnet", subdir = "crates/sui-framework/packages/sui-framework" }

dependencies = [
  { id = "MoveStdlib", name = "MoveStdlib" },
]

[move.toolchain-version]
compiler-version = "1.39.3"
edition = "2024.beta"
flavor = "sui"

[env]

[env.devnet]
chain-id = "19012592"
original-published-id = "0xfc728489dea62ac38b211b7e54626052ac9c8789f2d8f18738d2d9122263fa39"
latest-published-id = "0xfc728489dea62ac38b211b7e54626052ac9c8789f2d8f18738d2d9122263fa39"
published-version = "1"

[env.testnet]
chain-id = "4c78adac"
original-published-id = "0x158ade43378dd8677da8cd04b017d4eb8be7f3850165bf7d8e2f9c8dda2824e5"
latest-published-id = "0x158ade43378dd8677da8cd04b017d4eb8be7f3850165bf7d8e2f9c8dda2824e5"
published-version = "1"
