# @generated by Move, please check-in and do not edit manually.

[move]
version = 3
manifest_digest = "69EE174EA38818948B33466C512B6A55827CAFCCC237A4F1E2B293B34ACBFDCD"
deps_digest = "F8BBB0CCB2491CA29A3DF03D6F92277A4F3574266507ACD77214D37ECA3F3082"
dependencies = [
  { id = "Sui", name = "Sui" },
]

[[move.package]]
id = "MoveStdlib"
source = { git = "https://github.com/MystenLabs/sui.git", rev = "framework/testnet", subdir = "crates/sui-framework/packages/move-stdlib" }

[[move.package]]
id = "Sui"
source = { git = "https://github.com/MystenLabs/sui.git", rev = "framework/testnet", subdir = "crates/sui-framework/packages/sui-framework" }

dependencies = [
  { id = "MoveStdlib", name = "MoveStdlib" },
]

[move.toolchain-version]
compiler-version = "1.37.1"
edition = "2024.beta"
flavor = "sui"

[env]

[env.testnet]
chain-id = "4c78adac"
original-published-id = "0xa015bcf5cc2f65b9e040592f7dce564a0eea2dd85bf921db037d4576cdbe7db1"
latest-published-id = "0xa015bcf5cc2f65b9e040592f7dce564a0eea2dd85bf921db037d4576cdbe7db1"
published-version = "1"
