# @generated by Move, please check-in and do not edit manually.

[move]
version = 3
manifest_digest = "A1359628F4A23EF8C7EA40B077218F42720055C062270B633D3562A7ACC16240"
deps_digest = "F8BBB0CCB2491CA29A3DF03D6F92277A4F3574266507ACD77214D37ECA3F3082"
dependencies = [
  { id = "Sui", name = "Sui" },
]

[[move.package]]
id = "MoveStdlib"
source = { git = "https://gitee.com/MystenLabs/sui.git", rev = "framework/testnet", subdir = "crates\\sui-framework\\packages\\move-stdlib" }

[[move.package]]
id = "Sui"
source = { git = "https://gitee.com/MystenLabs/sui.git", rev = "framework/testnet", subdir = "crates/sui-framework/packages/sui-framework" }

dependencies = [
  { id = "MoveStdlib", name = "MoveStdlib" },
]

[move.toolchain-version]
compiler-version = "1.39.0"
edition = "2024.beta"
flavor = "sui"

[env]

[env.testnet]
chain-id = "4c78adac"
original-published-id = "0x9aac2eb50656d430bc82d115c00d411f46371e33ea43a81d8b7f9897f88a56b7"
latest-published-id = "0x9aac2eb50656d430bc82d115c00d411f46371e33ea43a81d8b7f9897f88a56b7"
published-version = "1"
